
Microsoft Visual Studio Solution File, Format Version 12.00
# Visual Studio Version 16
VisualStudioVersion = 16.0.29001.49
MinimumVisualStudioVersion = 10.0.40219.1
Project("{FAE04EC0-301F-11D3-BF4B-00C04F79EFBC}") = "forces", "forces\forces.csproj", "{F52EEDEF-A5CB-4A91-8520-175AC83DDABF}"
EndProject
Global
	GlobalSection(SolutionConfigurationPlatforms) = preSolution
		Debug|Any CPU = Debug|Any CPU
		Release|Any CPU = Release|Any CPU
	EndGlobalSection
	GlobalSection(ProjectConfigurationPlatforms) = postSolution
		{F52EEDEF-A5CB-4A91-8520-175AC83DDABF}.Debug|Any CPU.ActiveCfg = Debug|Any CPU
		{F52EEDEF-A5CB-4A91-8520-175AC83DDABF}.Debug|Any CPU.Build.0 = Debug|Any CPU
		{F52EEDEF-A5CB-4A91-8520-175AC83DDABF}.Release|Any CPU.ActiveCfg = Release|Any CPU
		{F52EEDEF-A5CB-4A91-8520-175AC83DDABF}.Release|Any CPU.Build.0 = Release|Any CPU
	EndGlobalSection
	GlobalSection(SolutionProperties) = preSolution
		HideSolutionNode = FALSE
	EndGlobalSection
	GlobalSection(ExtensibilityGlobals) = postSolution
		SolutionGuid = {AD61A8DC-A579-498C-BED1-C402C25A55B4}
	EndGlobalSection
EndGlobal
